// !$*UTF8*$!
{
	archiveVersion = 1;
	classes = {
	};
	objectVersion = 77;
	objects = {

/* Begin PBXBuildFile section */
		00FF1B4C6AF420352361A2BF /* PhotoLibraryServiceTests.swift in Sources */ = {isa = PBXBuildFile; fileRef = D0785C79B8F559FDAAE08735 /* PhotoLibraryServiceTests.swift */; };
		0A20BA85D642090601F905E4 /* DeletionSuccessView.swift in Sources */ = {isa = PBXBuildFile; fileRef = E5FD8FC7187ED830E86D12FB /* DeletionSuccessView.swift */; };
		0B5E9B0568CC867871AA24CA /* PhotoIssueTests.swift in Sources */ = {isa = PBXBuildFile; fileRef = 686181CD92DECBBEFBFB4D0B /* PhotoIssueTests.swift */; };
		19B6D89F217F0F16700E6DBA /* ImageAnalysisService.swift in Sources */ = {isa = PBXBuildFile; fileRef = 9E6C3228A139B23737EF584C /* ImageAnalysisService.swift */; };
		1E9C4133C759AD2259A137FB /* PhotoIssue.swift in Sources */ = {isa = PBXBuildFile; fileRef = 88CE6481C06E721C1062DB20 /* PhotoIssue.swift */; };
		26E0DEBED17E111FCB1257D7 /* SwipeCardView.swift in Sources */ = {isa = PBXBuildFile; fileRef = F072B5BC07FEF2BDB400EFC1 /* SwipeCardView.swift */; };
		27F4CC8430EB4AC6D46B5575 /* PhotoPermissionView.swift in Sources */ = {isa = PBXBuildFile; fileRef = 3B477CC8A6328849ED3EE802 /* PhotoPermissionView.swift */; };
		34FEBA08337DE09654D1A1A7 /* PhotoLibraryService.swift in Sources */ = {isa = PBXBuildFile; fileRef = 4AD6EBD4B32811A3B6CA869E /* PhotoLibraryService.swift */; };
		3D17EC40CCE0D3C851BA11D4 /* AppCleanupViewModel.swift in Sources */ = {isa = PBXBuildFile; fileRef = 004A0F1C2D0BCCDEB52CFE31 /* AppCleanupViewModel.swift */; };
		4011E23EA7306A62550A93DF /* ImageAnalysisServiceTests.swift in Sources */ = {isa = PBXBuildFile; fileRef = 3404FAF7FECB29E95BB13883 /* ImageAnalysisServiceTests.swift */; };
		436D19C4AE8ADD08970BC11B /* PhotoScanEngineTests.swift in Sources */ = {isa = PBXBuildFile; fileRef = 3104204DCF91186462DCEEF6 /* PhotoScanEngineTests.swift */; };
		52EECF5F7309161C716A40A1 /* MiraiService.swift in Sources */ = {isa = PBXBuildFile; fileRef = 7555A245BE781D5AC3360907 /* MiraiService.swift */; };
		5CF855AAC29D9C86D189737F /* HomeView.swift in Sources */ = {isa = PBXBuildFile; fileRef = EB101C1E818D93E22183261D /* HomeView.swift */; };
		61FA0EB3FCE4F1F7BE0C7839 /* ScanningView.swift in Sources */ = {isa = PBXBuildFile; fileRef = 97FA47F87CD8C4BAB7F62598 /* ScanningView.swift */; };
		6207485B200EC56A3BCDF958 /* ReviewView.swift in Sources */ = {isa = PBXBuildFile; fileRef = A40BDF27F2AC5F1F9636234B /* ReviewView.swift */; };
		64F015A57A3BFEC43F7984B0 /* AppInfo.swift in Sources */ = {isa = PBXBuildFile; fileRef = 92B8504FF99C5F49C7585B79 /* AppInfo.swift */; };
		67EBF98A0B7BE11B3EB41D59 /* AppState.swift in Sources */ = {isa = PBXBuildFile; fileRef = 919F0D8ACA84FE591D512A91 /* AppState.swift */; };
		71F89605AF29C7836ED0D90E /* ContentView.swift in Sources */ = {isa = PBXBuildFile; fileRef = BCB8132E5841138D15CDC497 /* ContentView.swift */; };
		76242C66ECCBE460AA3E6BF2 /* SettingsView.swift in Sources */ = {isa = PBXBuildFile; fileRef = D24D3C5B5467DD67BD9E601C /* SettingsView.swift */; };
		7E36C64D01E9FAC35AF4AFE3 /* Theme.swift in Sources */ = {isa = PBXBuildFile; fileRef = B678E4D47BCC153B77B8CCA6 /* Theme.swift */; };
		90645AD69A2A7D3B1E10604F /* iPhoneCleanerTests.swift in Sources */ = {isa = PBXBuildFile; fileRef = 033965EAAF8C7C8A2B38F5B8 /* iPhoneCleanerTests.swift */; };
		A1610A7CB564318ED71BA5EB /* AppStateTests.swift in Sources */ = {isa = PBXBuildFile; fileRef = 973E646F8CFFA849539ED4D1 /* AppStateTests.swift */; };
		B32934C289FFE1FFE6B3F877 /* CategoryCardView.swift in Sources */ = {isa = PBXBuildFile; fileRef = 17116A6110B8244CB07C62BD /* CategoryCardView.swift */; };
		C722A5E66FAFF780853C8E97 /* AppCleanupView.swift in Sources */ = {isa = PBXBuildFile; fileRef = B4A1E8ACC0E4656C491F7051 /* AppCleanupView.swift */; };
		D3FE617B24057AB3B0AEA1D1 /* StorageRingView.swift in Sources */ = {isa = PBXBuildFile; fileRef = B7F7E4B43C066F6C5C5CA0A7 /* StorageRingView.swift */; };
		D998376CF0A0B8E2FAC0DC31 /* PhotoScanEngine.swift in Sources */ = {isa = PBXBuildFile; fileRef = 455A4A09F7B7EB2CD60105D1 /* PhotoScanEngine.swift */; };
		DE98FA96FFEB8351A9A1950A /* iPhoneCleanerApp.swift in Sources */ = {isa = PBXBuildFile; fileRef = EE46CC7B0D7AB1653F56A307 /* iPhoneCleanerApp.swift */; };
		DF3DA5CD9A362B8C3F18D9FD /* ScanFlowTests.swift in Sources */ = {isa = PBXBuildFile; fileRef = 736857880AD7C2EDA17DF1CD /* ScanFlowTests.swift */; };
		E7059BC7DCF8B20CCF404727 /* ScanResult.swift in Sources */ = {isa = PBXBuildFile; fileRef = 5CDEFAE1BA5E6FCE5FE45397 /* ScanResult.swift */; };
		F37155240CA0741F109607FE /* MiraiServiceTests.swift in Sources */ = {isa = PBXBuildFile; fileRef = 237C3A8E83CF14FE637420B1 /* MiraiServiceTests.swift */; };
/* End PBXBuildFile section */

/* Begin PBXContainerItemProxy section */
		E6F40A9552FCCF1D3AB4C0D9 /* PBXContainerItemProxy */ = {
			isa = PBXContainerItemProxy;
			containerPortal = 59690AB01F77EDBCB1A8BB55 /* Project object */;
			proxyType = 1;
			remoteGlobalIDString = 500F70FBD3CB82F1BA0E8DAF;
			remoteInfo = iPhoneCleaner;
		};
/* End PBXContainerItemProxy section */

/* Begin PBXFileReference section */
		004A0F1C2D0BCCDEB52CFE31 /* AppCleanupViewModel.swift */ = {isa = PBXFileReference; lastKnownFileType = sourcecode.swift; path = AppCleanupViewModel.swift; sourceTree = "<group>"; };
		033965EAAF8C7C8A2B38F5B8 /* iPhoneCleanerTests.swift */ = {isa = PBXFileReference; lastKnownFileType = sourcecode.swift; path = iPhoneCleanerTests.swift; sourceTree = "<group>"; };
		17116A6110B8244CB07C62BD /* CategoryCardView.swift */ = {isa = PBXFileReference; lastKnownFileType = sourcecode.swift; path = CategoryCardView.swift; sourceTree = "<group>"; };
		237C3A8E83CF14FE637420B1 /* MiraiServiceTests.swift */ = {isa = PBXFileReference; lastKnownFileType = sourcecode.swift; path = MiraiServiceTests.swift; sourceTree = "<group>"; };
		3104204DCF91186462DCEEF6 /* PhotoScanEngineTests.swift */ = {isa = PBXFileReference; lastKnownFileType = sourcecode.swift; path = PhotoScanEngineTests.swift; sourceTree = "<group>"; };
		3404FAF7FECB29E95BB13883 /* ImageAnalysisServiceTests.swift */ = {isa = PBXFileReference; lastKnownFileType = sourcecode.swift; path = ImageAnalysisServiceTests.swift; sourceTree = "<group>"; };
		3B477CC8A6328849ED3EE802 /* PhotoPermissionView.swift */ = {isa = PBXFileReference; lastKnownFileType = sourcecode.swift; path = PhotoPermissionView.swift; sourceTree = "<group>"; };
		455A4A09F7B7EB2CD60105D1 /* PhotoScanEngine.swift */ = {isa = PBXFileReference; lastKnownFileType = sourcecode.swift; path = PhotoScanEngine.swift; sourceTree = "<group>"; };
		4AD6EBD4B32811A3B6CA869E /* PhotoLibraryService.swift */ = {isa = PBXFileReference; lastKnownFileType = sourcecode.swift; path = PhotoLibraryService.swift; sourceTree = "<group>"; };
		5CDEFAE1BA5E6FCE5FE45397 /* ScanResult.swift */ = {isa = PBXFileReference; lastKnownFileType = sourcecode.swift; path = ScanResult.swift; sourceTree = "<group>"; };
		686181CD92DECBBEFBFB4D0B /* PhotoIssueTests.swift */ = {isa = PBXFileReference; lastKnownFileType = sourcecode.swift; path = PhotoIssueTests.swift; sourceTree = "<group>"; };
		720CF95771EDBFD366443F55 /* iPhoneCleanerTests.xctest */ = {isa = PBXFileReference; includeInIndex = 0; lastKnownFileType = wrapper.cfbundle; path = iPhoneCleanerTests.xctest; sourceTree = BUILT_PRODUCTS_DIR; };
		736857880AD7C2EDA17DF1CD /* ScanFlowTests.swift */ = {isa = PBXFileReference; lastKnownFileType = sourcecode.swift; path = ScanFlowTests.swift; sourceTree = "<group>"; };
		7555A245BE781D5AC3360907 /* MiraiService.swift */ = {isa = PBXFileReference; lastKnownFileType = sourcecode.swift; path = MiraiService.swift; sourceTree = "<group>"; };
		88CE6481C06E721C1062DB20 /* PhotoIssue.swift */ = {isa = PBXFileReference; lastKnownFileType = sourcecode.swift; path = PhotoIssue.swift; sourceTree = "<group>"; };
		919F0D8ACA84FE591D512A91 /* AppState.swift */ = {isa = PBXFileReference; lastKnownFileType = sourcecode.swift; path = AppState.swift; sourceTree = "<group>"; };
		92B8504FF99C5F49C7585B79 /* AppInfo.swift */ = {isa = PBXFileReference; lastKnownFileType = sourcecode.swift; path = AppInfo.swift; sourceTree = "<group>"; };
		973E646F8CFFA849539ED4D1 /* AppStateTests.swift */ = {isa = PBXFileReference; lastKnownFileType = sourcecode.swift; path = AppStateTests.swift; sourceTree = "<group>"; };
		97FA47F87CD8C4BAB7F62598 /* ScanningView.swift */ = {isa = PBXFileReference; lastKnownFileType = sourcecode.swift; path = ScanningView.swift; sourceTree = "<group>"; };
		9E6C3228A139B23737EF584C /* ImageAnalysisService.swift */ = {isa = PBXFileReference; lastKnownFileType = sourcecode.swift; path = ImageAnalysisService.swift; sourceTree = "<group>"; };
		A40BDF27F2AC5F1F9636234B /* ReviewView.swift */ = {isa = PBXFileReference; lastKnownFileType = sourcecode.swift; path = ReviewView.swift; sourceTree = "<group>"; };
		AA8779FE57D1638B9E31FE50 /* iPhoneCleaner.app */ = {isa = PBXFileReference; includeInIndex = 0; lastKnownFileType = wrapper.application; path = iPhoneCleaner.app; sourceTree = BUILT_PRODUCTS_DIR; };
		B4A1E8ACC0E4656C491F7051 /* AppCleanupView.swift */ = {isa = PBXFileReference; lastKnownFileType = sourcecode.swift; path = AppCleanupView.swift; sourceTree = "<group>"; };
		B678E4D47BCC153B77B8CCA6 /* Theme.swift */ = {isa = PBXFileReference; lastKnownFileType = sourcecode.swift; path = Theme.swift; sourceTree = "<group>"; };
		B7F7E4B43C066F6C5C5CA0A7 /* StorageRingView.swift */ = {isa = PBXFileReference; lastKnownFileType = sourcecode.swift; path = StorageRingView.swift; sourceTree = "<group>"; };
		BCB8132E5841138D15CDC497 /* ContentView.swift */ = {isa = PBXFileReference; lastKnownFileType = sourcecode.swift; path = ContentView.swift; sourceTree = "<group>"; };
		D0785C79B8F559FDAAE08735 /* PhotoLibraryServiceTests.swift */ = {isa = PBXFileReference; lastKnownFileType = sourcecode.swift; path = PhotoLibraryServiceTests.swift; sourceTree = "<group>"; };
		D24D3C5B5467DD67BD9E601C /* SettingsView.swift */ = {isa = PBXFileReference; lastKnownFileType = sourcecode.swift; path = SettingsView.swift; sourceTree = "<group>"; };
		E5FD8FC7187ED830E86D12FB /* DeletionSuccessView.swift */ = {isa = PBXFileReference; lastKnownFileType = sourcecode.swift; path = DeletionSuccessView.swift; sourceTree = "<group>"; };
		EB101C1E818D93E22183261D /* HomeView.swift */ = {isa = PBXFileReference; lastKnownFileType = sourcecode.swift; path = HomeView.swift; sourceTree = "<group>"; };
		EE46CC7B0D7AB1653F56A307 /* iPhoneCleanerApp.swift */ = {isa = PBXFileReference; lastKnownFileType = sourcecode.swift; path = iPhoneCleanerApp.swift; sourceTree = "<group>"; };
		F072B5BC07FEF2BDB400EFC1 /* SwipeCardView.swift */ = {isa = PBXFileReference; lastKnownFileType = sourcecode.swift; path = SwipeCardView.swift; sourceTree = "<group>"; };
/* End PBXFileReference section */

/* Begin PBXGroup section */
		03CF637D62723D8652A7F794 /* iPhoneCleaner */ = {
			isa = PBXGroup;
			children = (
				BCB8132E5841138D15CDC497 /* ContentView.swift */,
				5D47ED89E515F246EA8B3E7A /* App */,
				67C001E621020E1B06462E73 /* Models */,
				6A7DDEAA8D97D0128313A7F7 /* Services */,
				B85568C7A8397DFBB147C8CD /* Utilities */,
				EE22E91DBA73BDCE37A55538 /* ViewModels */,
				8D258DC5089119166564CCB1 /* Views */,
			);
			path = iPhoneCleaner;
			sourceTree = "<group>";
		};
		198A1D915879E00F5CB75EC7 /* Scanning */ = {
			isa = PBXGroup;
			children = (
				97FA47F87CD8C4BAB7F62598 /* ScanningView.swift */,
			);
			path = Scanning;
			sourceTree = "<group>";
		};
		1EB994590B25FBADFC36929B /* Products */ = {
			isa = PBXGroup;
			children = (
				AA8779FE57D1638B9E31FE50 /* iPhoneCleaner.app */,
				720CF95771EDBFD366443F55 /* iPhoneCleanerTests.xctest */,
			);
			name = Products;
			sourceTree = "<group>";
		};
		3CC399B433DB0FE22A6C10C9 /* Models */ = {
			isa = PBXGroup;
			children = (
				686181CD92DECBBEFBFB4D0B /* PhotoIssueTests.swift */,
			);
			path = Models;
			sourceTree = "<group>";
		};
		4144E3C995E6F8F071785FA9 /* Integration */ = {
			isa = PBXGroup;
			children = (
				736857880AD7C2EDA17DF1CD /* ScanFlowTests.swift */,
			);
			path = Integration;
			sourceTree = "<group>";
		};
		5D47ED89E515F246EA8B3E7A /* App */ = {
			isa = PBXGroup;
			children = (
				919F0D8ACA84FE591D512A91 /* AppState.swift */,
				EE46CC7B0D7AB1653F56A307 /* iPhoneCleanerApp.swift */,
			);
			path = App;
			sourceTree = "<group>";
		};
		67C001E621020E1B06462E73 /* Models */ = {
			isa = PBXGroup;
			children = (
				92B8504FF99C5F49C7585B79 /* AppInfo.swift */,
				88CE6481C06E721C1062DB20 /* PhotoIssue.swift */,
				5CDEFAE1BA5E6FCE5FE45397 /* ScanResult.swift */,
			);
			path = Models;
			sourceTree = "<group>";
		};
		6A7DDEAA8D97D0128313A7F7 /* Services */ = {
			isa = PBXGroup;
			children = (
				9E6C3228A139B23737EF584C /* ImageAnalysisService.swift */,
				7555A245BE781D5AC3360907 /* MiraiService.swift */,
				4AD6EBD4B32811A3B6CA869E /* PhotoLibraryService.swift */,
				455A4A09F7B7EB2CD60105D1 /* PhotoScanEngine.swift */,
			);
			path = Services;
			sourceTree = "<group>";
		};
		6AB667F8CABC379173B586C3 /* App */ = {
			isa = PBXGroup;
			children = (
				973E646F8CFFA849539ED4D1 /* AppStateTests.swift */,
			);
			path = App;
			sourceTree = "<group>";
		};
		764A991488376FC908DD1E21 /* Review */ = {
			isa = PBXGroup;
			children = (
				E5FD8FC7187ED830E86D12FB /* DeletionSuccessView.swift */,
				A40BDF27F2AC5F1F9636234B /* ReviewView.swift */,
				F072B5BC07FEF2BDB400EFC1 /* SwipeCardView.swift */,
			);
			path = Review;
			sourceTree = "<group>";
		};
		79AA9F31D8D72F6474F6B00D = {
			isa = PBXGroup;
			children = (
				03CF637D62723D8652A7F794 /* iPhoneCleaner */,
				C2C57FD6ED0A7DD59B690A8A /* iPhoneCleanerTests */,
				1EB994590B25FBADFC36929B /* Products */,
			);
			sourceTree = "<group>";
		};
		8D258DC5089119166564CCB1 /* Views */ = {
			isa = PBXGroup;
			children = (
				9146CBF09BE34F21D448C877 /* Apps */,
				F4D01146AE8D2DA322E1AF25 /* Home */,
				764A991488376FC908DD1E21 /* Review */,
				198A1D915879E00F5CB75EC7 /* Scanning */,
				9DF043EF5E6B5B1C4DAE00FD /* Settings */,
			);
			path = Views;
			sourceTree = "<group>";
		};
		9146CBF09BE34F21D448C877 /* Apps */ = {
			isa = PBXGroup;
			children = (
				B4A1E8ACC0E4656C491F7051 /* AppCleanupView.swift */,
			);
			path = Apps;
			sourceTree = "<group>";
		};
		9DF043EF5E6B5B1C4DAE00FD /* Settings */ = {
			isa = PBXGroup;
			children = (
				D24D3C5B5467DD67BD9E601C /* SettingsView.swift */,
			);
			path = Settings;
			sourceTree = "<group>";
		};
		B85568C7A8397DFBB147C8CD /* Utilities */ = {
			isa = PBXGroup;
			children = (
				B678E4D47BCC153B77B8CCA6 /* Theme.swift */,
			);
			path = Utilities;
			sourceTree = "<group>";
		};
		C2C57FD6ED0A7DD59B690A8A /* iPhoneCleanerTests */ = {
			isa = PBXGroup;
			children = (
				033965EAAF8C7C8A2B38F5B8 /* iPhoneCleanerTests.swift */,
				6AB667F8CABC379173B586C3 /* App */,
				4144E3C995E6F8F071785FA9 /* Integration */,
				3CC399B433DB0FE22A6C10C9 /* Models */,
				E963A49501596C88DE9DCD24 /* Services */,
			);
			path = iPhoneCleanerTests;
			sourceTree = "<group>";
		};
		E963A49501596C88DE9DCD24 /* Services */ = {
			isa = PBXGroup;
			children = (
				3404FAF7FECB29E95BB13883 /* ImageAnalysisServiceTests.swift */,
				237C3A8E83CF14FE637420B1 /* MiraiServiceTests.swift */,
				D0785C79B8F559FDAAE08735 /* PhotoLibraryServiceTests.swift */,
				3104204DCF91186462DCEEF6 /* PhotoScanEngineTests.swift */,
			);
			path = Services;
			sourceTree = "<group>";
		};
		EE22E91DBA73BDCE37A55538 /* ViewModels */ = {
			isa = PBXGroup;
			children = (
				004A0F1C2D0BCCDEB52CFE31 /* AppCleanupViewModel.swift */,
			);
			path = ViewModels;
			sourceTree = "<group>";
		};
		F4D01146AE8D2DA322E1AF25 /* Home */ = {
			isa = PBXGroup;
			children = (
				17116A6110B8244CB07C62BD /* CategoryCardView.swift */,
				EB101C1E818D93E22183261D /* HomeView.swift */,
				3B477CC8A6328849ED3EE802 /* PhotoPermissionView.swift */,
				B7F7E4B43C066F6C5C5CA0A7 /* StorageRingView.swift */,
			);
			path = Home;
			sourceTree = "<group>";
		};
/* End PBXGroup section */

/* Begin PBXNativeTarget section */
		1894416D49371D04F6D08955 /* iPhoneCleanerTests */ = {
			isa = PBXNativeTarget;
			buildConfigurationList = 23EE4CFA08CD1F9C431DD0EA /* Build configuration list for PBXNativeTarget "iPhoneCleanerTests" */;
			buildPhases = (
				66E33A3152CDA3EE594ADC09 /* Sources */,
			);
			buildRules = (
			);
			dependencies = (
				F855A54AD9F8458C3B18A877 /* PBXTargetDependency */,
			);
			name = iPhoneCleanerTests;
			packageProductDependencies = (
			);
			productName = iPhoneCleanerTests;
			productReference = 720CF95771EDBFD366443F55 /* iPhoneCleanerTests.xctest */;
			productType = "com.apple.product-type.bundle.unit-test";
		};
		500F70FBD3CB82F1BA0E8DAF /* iPhoneCleaner */ = {
			isa = PBXNativeTarget;
			buildConfigurationList = B86CD3E9E7F3F9AD0EB3FEA4 /* Build configuration list for PBXNativeTarget "iPhoneCleaner" */;
			buildPhases = (
				C23AE48C69246D5E359BE024 /* Sources */,
			);
			buildRules = (
			);
			dependencies = (
			);
			name = iPhoneCleaner;
			packageProductDependencies = (
			);
			productName = iPhoneCleaner;
			productReference = AA8779FE57D1638B9E31FE50 /* iPhoneCleaner.app */;
			productType = "com.apple.product-type.application";
		};
/* End PBXNativeTarget section */

/* Begin PBXProject section */
		59690AB01F77EDBCB1A8BB55 /* Project object */ = {
			isa = PBXProject;
			attributes = {
				BuildIndependentTargetsInParallel = YES;
				LastUpgradeCheck = 1600;
			};
			buildConfigurationList = 3473DEDB33799515FCF3AAF3 /* Build configuration list for PBXProject "iPhoneCleaner" */;
			compatibilityVersion = "Xcode 14.0";
			developmentRegion = en;
			hasScannedForEncodings = 0;
			knownRegions = (
				Base,
				en,
			);
			mainGroup = 79AA9F31D8D72F6474F6B00D;
			minimizedProjectReferenceProxies = 1;
			preferredProjectObjectVersion = 77;
			projectDirPath = "";
			projectRoot = "";
			targets = (
				500F70FBD3CB82F1BA0E8DAF /* iPhoneCleaner */,
				1894416D49371D04F6D08955 /* iPhoneCleanerTests */,
			);
		};
/* End PBXProject section */

/* Begin PBXSourcesBuildPhase section */
		66E33A3152CDA3EE594ADC09 /* Sources */ = {
			isa = PBXSourcesBuildPhase;
			buildActionMask = 2147483647;
			files = (
				A1610A7CB564318ED71BA5EB /* AppStateTests.swift in Sources */,
				4011E23EA7306A62550A93DF /* ImageAnalysisServiceTests.swift in Sources */,
				F37155240CA0741F109607FE /* MiraiServiceTests.swift in Sources */,
				0B5E9B0568CC867871AA24CA /* PhotoIssueTests.swift in Sources */,
				00FF1B4C6AF420352361A2BF /* PhotoLibraryServiceTests.swift in Sources */,
				436D19C4AE8ADD08970BC11B /* PhotoScanEngineTests.swift in Sources */,
				DF3DA5CD9A362B8C3F18D9FD /* ScanFlowTests.swift in Sources */,
				90645AD69A2A7D3B1E10604F /* iPhoneCleanerTests.swift in Sources */,
			);
			runOnlyForDeploymentPostprocessing = 0;
		};
		C23AE48C69246D5E359BE024 /* Sources */ = {
			isa = PBXSourcesBuildPhase;
			buildActionMask = 2147483647;
			files = (
				C722A5E66FAFF780853C8E97 /* AppCleanupView.swift in Sources */,
				3D17EC40CCE0D3C851BA11D4 /* AppCleanupViewModel.swift in Sources */,
				64F015A57A3BFEC43F7984B0 /* AppInfo.swift in Sources */,
				67EBF98A0B7BE11B3EB41D59 /* AppState.swift in Sources */,
				B32934C289FFE1FFE6B3F877 /* CategoryCardView.swift in Sources */,
				71F89605AF29C7836ED0D90E /* ContentView.swift in Sources */,
				0A20BA85D642090601F905E4 /* DeletionSuccessView.swift in Sources */,
				5CF855AAC29D9C86D189737F /* HomeView.swift in Sources */,
				19B6D89F217F0F16700E6DBA /* ImageAnalysisService.swift in Sources */,
				52EECF5F7309161C716A40A1 /* MiraiService.swift in Sources */,
				1E9C4133C759AD2259A137FB /* PhotoIssue.swift in Sources */,
				34FEBA08337DE09654D1A1A7 /* PhotoLibraryService.swift in Sources */,
				27F4CC8430EB4AC6D46B5575 /* PhotoPermissionView.swift in Sources */,
				D998376CF0A0B8E2FAC0DC31 /* PhotoScanEngine.swift in Sources */,
				6207485B200EC56A3BCDF958 /* ReviewView.swift in Sources */,
				E7059BC7DCF8B20CCF404727 /* ScanResult.swift in Sources */,
				61FA0EB3FCE4F1F7BE0C7839 /* ScanningView.swift in Sources */,
				76242C66ECCBE460AA3E6BF2 /* SettingsView.swift in Sources */,
				D3FE617B24057AB3B0AEA1D1 /* StorageRingView.swift in Sources */,
				26E0DEBED17E111FCB1257D7 /* SwipeCardView.swift in Sources */,
				7E36C64D01E9FAC35AF4AFE3 /* Theme.swift in Sources */,
				DE98FA96FFEB8351A9A1950A /* iPhoneCleanerApp.swift in Sources */,
			);
			runOnlyForDeploymentPostprocessing = 0;
		};
/* End PBXSourcesBuildPhase section */

/* Begin PBXTargetDependency section */
		F855A54AD9F8458C3B18A877 /* PBXTargetDependency */ = {
			isa = PBXTargetDependency;
			target = 500F70FBD3CB82F1BA0E8DAF /* iPhoneCleaner */;
			targetProxy = E6F40A9552FCCF1D3AB4C0D9 /* PBXContainerItemProxy */;
		};
/* End PBXTargetDependency section */

/* Begin XCBuildConfiguration section */
		0353DA619A702E953B5AC3ED /* Release */ = {
			isa = XCBuildConfiguration;
			buildSettings = {
				ALWAYS_SEARCH_USER_PATHS = NO;
				CLANG_ANALYZER_NONNULL = YES;
				CLANG_ANALYZER_NUMBER_OBJECT_CONVERSION = YES_AGGRESSIVE;
				CLANG_CXX_LANGUAGE_STANDARD = "gnu++14";
				CLANG_CXX_LIBRARY = "libc++";
				CLANG_ENABLE_MODULES = YES;
				CLANG_ENABLE_OBJC_ARC = YES;
				CLANG_ENABLE_OBJC_WEAK = YES;
				CLANG_WARN_BLOCK_CAPTURE_AUTORELEASING = YES;
				CLANG_WARN_BOOL_CONVERSION = YES;
				CLANG_WARN_COMMA = YES;
				CLANG_WARN_CONSTANT_CONVERSION = YES;
				CLANG_WARN_DEPRECATED_OBJC_IMPLEMENTATIONS = YES;
				CLANG_WARN_DIRECT_OBJC_ISA_USAGE = YES_ERROR;
				CLANG_WARN_DOCUMENTATION_COMMENTS = YES;
				CLANG_WARN_EMPTY_BODY = YES;
				CLANG_WARN_ENUM_CONVERSION = YES;
				CLANG_WARN_INFINITE_RECURSION = YES;
				CLANG_WARN_INT_CONVERSION = YES;
				CLANG_WARN_NON_LITERAL_NULL_CONVERSION = YES;
				CLANG_WARN_OBJC_IMPLICIT_RETAIN_SELF = YES;
				CLANG_WARN_OBJC_LITERAL_CONVERSION = YES;
				CLANG_WARN_OBJC_ROOT_CLASS = YES_ERROR;
				CLANG_WARN_QUOTED_INCLUDE_IN_FRAMEWORK_HEADER = YES;
				CLANG_WARN_RANGE_LOOP_ANALYSIS = YES;
				CLANG_WARN_STRICT_PROTOTYPES = YES;
				CLANG_WARN_SUSPICIOUS_MOVE = YES;
				CLANG_WARN_UNGUARDED_AVAILABILITY = YES_AGGRESSIVE;
				CLANG_WARN_UNREACHABLE_CODE = YES;
				CLANG_WARN__DUPLICATE_METHOD_MATCH = YES;
				COPY_PHASE_STRIP = NO;
				DEBUG_INFORMATION_FORMAT = "dwarf-with-dsym";
				ENABLE_NS_ASSERTIONS = NO;
				ENABLE_STRICT_OBJC_MSGSEND = YES;
				GCC_C_LANGUAGE_STANDARD = gnu11;
				GCC_NO_COMMON_BLOCKS = YES;
				GCC_WARN_64_TO_32_BIT_CONVERSION = YES;
				GCC_WARN_ABOUT_RETURN_TYPE = YES_ERROR;
				GCC_WARN_UNDECLARED_SELECTOR = YES;
				GCC_WARN_UNINITIALIZED_AUTOS = YES_AGGRESSIVE;
				GCC_WARN_UNUSED_FUNCTION = YES;
				GCC_WARN_UNUSED_VARIABLE = YES;
				IPHONEOS_DEPLOYMENT_TARGET = 17.0;
				MTL_ENABLE_DEBUG_INFO = NO;
				MTL_FAST_MATH = YES;
				PRODUCT_NAME = "$(TARGET_NAME)";
				SDKROOT = iphoneos;
				SWIFT_COMPILATION_MODE = wholemodule;
				SWIFT_OPTIMIZATION_LEVEL = "-O";
				SWIFT_VERSION = 5.0;
			};
			name = Release;
		};
		3E5C7EB253AAA7A226E29D2F /* Release */ = {
			isa = XCBuildConfiguration;
			buildSettings = {
				BUNDLE_LOADER = "$(TEST_HOST)";
				GENERATE_INFOPLIST_FILE = YES;
				LD_RUNPATH_SEARCH_PATHS = (
					"$(inherited)",
					"@executable_path/Frameworks",
					"@loader_path/Frameworks",
				);
				PRODUCT_BUNDLE_IDENTIFIER = com.svetlana.iPhoneCleanerTests;
				SDKROOT = iphoneos;
				SWIFT_VERSION = 5.9;
				TARGETED_DEVICE_FAMILY = "1,2";
				TEST_HOST = "$(BUILT_PRODUCTS_DIR)/iPhoneCleaner.app/iPhoneCleaner";
			};
			name = Release;
		};
		4AD0BFBA32003A543789B607 /* Debug */ = {
			isa = XCBuildConfiguration;
			buildSettings = {
				ALWAYS_SEARCH_USER_PATHS = NO;
				CLANG_ANALYZER_NONNULL = YES;
				CLANG_ANALYZER_NUMBER_OBJECT_CONVERSION = YES_AGGRESSIVE;
				CLANG_CXX_LANGUAGE_STANDARD = "gnu++14";
				CLANG_CXX_LIBRARY = "libc++";
				CLANG_ENABLE_MODULES = YES;
				CLANG_ENABLE_OBJC_ARC = YES;
				CLANG_ENABLE_OBJC_WEAK = YES;
				CLANG_WARN_BLOCK_CAPTURE_AUTORELEASING = YES;
				CLANG_WARN_BOOL_CONVERSION = YES;
				CLANG_WARN_COMMA = YES;
				CLANG_WARN_CONSTANT_CONVERSION = YES;
				CLANG_WARN_DEPRECATED_OBJC_IMPLEMENTATIONS = YES;
				CLANG_WARN_DIRECT_OBJC_ISA_USAGE = YES_ERROR;
				CLANG_WARN_DOCUMENTATION_COMMENTS = YES;
				CLANG_WARN_EMPTY_BODY = YES;
				CLANG_WARN_ENUM_CONVERSION = YES;
				CLANG_WARN_INFINITE_RECURSION = YES;
				CLANG_WARN_INT_CONVERSION = YES;
				CLANG_WARN_NON_LITERAL_NULL_CONVERSION = YES;
				CLANG_WARN_OBJC_IMPLICIT_RETAIN_SELF = YES;
				CLANG_WARN_OBJC_LITERAL_CONVERSION = YES;
				CLANG_WARN_OBJC_ROOT_CLASS = YES_ERROR;
				CLANG_WARN_QUOTED_INCLUDE_IN_FRAMEWORK_HEADER = YES;
				CLANG_WARN_RANGE_LOOP_ANALYSIS = YES;
				CLANG_WARN_STRICT_PROTOTYPES = YES;
				CLANG_WARN_SUSPICIOUS_MOVE = YES;
				CLANG_WARN_UNGUARDED_AVAILABILITY = YES_AGGRESSIVE;
				CLANG_WARN_UNREACHABLE_CODE = YES;
				CLANG_WARN__DUPLICATE_METHOD_MATCH = YES;
				COPY_PHASE_STRIP = NO;
				DEBUG_INFORMATION_FORMAT = dwarf;
				ENABLE_STRICT_OBJC_MSGSEND = YES;
				ENABLE_TESTABILITY = YES;
				GCC_C_LANGUAGE_STANDARD = gnu11;
				GCC_DYNAMIC_NO_PIC = NO;
				GCC_NO_COMMON_BLOCKS = YES;
				GCC_OPTIMIZATION_LEVEL = 0;
				GCC_PREPROCESSOR_DEFINITIONS = (
					"$(inherited)",
					"DEBUG=1",
				);
				GCC_WARN_64_TO_32_BIT_CONVERSION = YES;
				GCC_WARN_ABOUT_RETURN_TYPE = YES_ERROR;
				GCC_WARN_UNDECLARED_SELECTOR = YES;
				GCC_WARN_UNINITIALIZED_AUTOS = YES_AGGRESSIVE;
				GCC_WARN_UNUSED_FUNCTION = YES;
				GCC_WARN_UNUSED_VARIABLE = YES;
				IPHONEOS_DEPLOYMENT_TARGET = 17.0;
				MTL_ENABLE_DEBUG_INFO = INCLUDE_SOURCE;
				MTL_FAST_MATH = YES;
				ONLY_ACTIVE_ARCH = YES;
				PRODUCT_NAME = "$(TARGET_NAME)";
				SDKROOT = iphoneos;
				SWIFT_ACTIVE_COMPILATION_CONDITIONS = DEBUG;
				SWIFT_OPTIMIZATION_LEVEL = "-Onone";
				SWIFT_VERSION = 5.0;
			};
			name = Debug;
		};
		5D69276030F5B3A37F9E7847 /* Debug */ = {
			isa = XCBuildConfiguration;
			buildSettings = {
				ASSETCATALOG_COMPILER_APPICON_NAME = AppIcon;
				CODE_SIGN_IDENTITY = "iPhone Developer";
				GENERATE_INFOPLIST_FILE = YES;
				INFOPLIST_KEY_NSPhotoLibraryAddUsageDescription = "iPhone Cleaner needs write access to move selected photos to Recently Deleted.";
				INFOPLIST_KEY_NSPhotoLibraryUsageDescription = "iPhone Cleaner needs access to your photo library to find duplicates, blurry photos, and screenshots for cleanup.";
				INFOPLIST_KEY_UIApplicationSceneManifest_Generation = YES;
				INFOPLIST_KEY_UILaunchScreen_Generation = YES;
				LD_RUNPATH_SEARCH_PATHS = (
					"$(inherited)",
					"@executable_path/Frameworks",
				);
				PRODUCT_BUNDLE_IDENTIFIER = com.svetlana.iPhoneCleaner;
				SDKROOT = iphoneos;
				SWIFT_VERSION = 5.9;
				TARGETED_DEVICE_FAMILY = "1,2";
			};
			name = Debug;
		};
		7D2DBCA571A923DF38BFA721 /* Release */ = {
			isa = XCBuildConfiguration;
			buildSettings = {
				ASSETCATALOG_COMPILER_APPICON_NAME = AppIcon;
				CODE_SIGN_IDENTITY = "iPhone Developer";
				GENERATE_INFOPLIST_FILE = YES;
				INFOPLIST_KEY_NSPhotoLibraryAddUsageDescription = "iPhone Cleaner needs write access to move selected photos to Recently Deleted.";
				INFOPLIST_KEY_NSPhotoLibraryUsageDescription = "iPhone Cleaner needs access to your photo library to find duplicates, blurry photos, and screenshots for cleanup.";
				INFOPLIST_KEY_UIApplicationSceneManifest_Generation = YES;
				INFOPLIST_KEY_UILaunchScreen_Generation = YES;
				LD_RUNPATH_SEARCH_PATHS = (
					"$(inherited)",
					"@executable_path/Frameworks",
				);
				PRODUCT_BUNDLE_IDENTIFIER = com.svetlana.iPhoneCleaner;
				SDKROOT = iphoneos;
				SWIFT_VERSION = 5.9;
				TARGETED_DEVICE_FAMILY = "1,2";
			};
			name = Release;
		};
		A20606FCEF5B0D5591D4A39D /* Debug */ = {
			isa = XCBuildConfiguration;
			buildSettings = {
				BUNDLE_LOADER = "$(TEST_HOST)";
				GENERATE_INFOPLIST_FILE = YES;
				LD_RUNPATH_SEARCH_PATHS = (
					"$(inherited)",
					"@executable_path/Frameworks",
					"@loader_path/Frameworks",
				);
				PRODUCT_BUNDLE_IDENTIFIER = com.svetlana.iPhoneCleanerTests;
				SDKROOT = iphoneos;
				SWIFT_VERSION = 5.9;
				TARGETED_DEVICE_FAMILY = "1,2";
				TEST_HOST = "$(BUILT_PRODUCTS_DIR)/iPhoneCleaner.app/iPhoneCleaner";
			};
			name = Debug;
		};
/* End XCBuildConfiguration section */

/* Begin XCConfigurationList section */
		23EE4CFA08CD1F9C431DD0EA /* Build configuration list for PBXNativeTarget "iPhoneCleanerTests" */ = {
			isa = XCConfigurationList;
			buildConfigurations = (
				A20606FCEF5B0D5591D4A39D /* Debug */,
				3E5C7EB253AAA7A226E29D2F /* Release */,
			);
			defaultConfigurationIsVisible = 0;
			defaultConfigurationName = Debug;
		};
		3473DEDB33799515FCF3AAF3 /* Build configuration list for PBXProject "iPhoneCleaner" */ = {
			isa = XCConfigurationList;
			buildConfigurations = (
				4AD0BFBA32003A543789B607 /* Debug */,
				0353DA619A702E953B5AC3ED /* Release */,
			);
			defaultConfigurationIsVisible = 0;
			defaultConfigurationName = Debug;
		};
		B86CD3E9E7F3F9AD0EB3FEA4 /* Build configuration list for PBXNativeTarget "iPhoneCleaner" */ = {
			isa = XCConfigurationList;
			buildConfigurations = (
				5D69276030F5B3A37F9E7847 /* Debug */,
				7D2DBCA571A923DF38BFA721 /* Release */,
			);
			defaultConfigurationIsVisible = 0;
			defaultConfigurationName = Debug;
		};
/* End XCConfigurationList section */
	};
	rootObject = 59690AB01F77EDBCB1A8BB55 /* Project object */;
}
